
Microsoft Visual Studio Solution File, Format Version 12.00
# Visual Studio Version 17
VisualStudioVersion = 17.7.34031.279
MinimumVisualStudioVersion = 10.0.40219.1
Project("{FAE04EC0-301F-11D3-BF4B-00C04F79EFBC}") = "ProgramowanieWizualneLab4", "ProgramowanieWizualneLab4.csproj", "{223D6816-BAC7-4B2E-9125-E5F2FB354DF8}"
EndProject
Global
	GlobalSection(SolutionConfigurationPlatforms) = preSolution
		Debug|Any CPU = Debug|Any CPU
		Release|Any CPU = Release|Any CPU
	EndGlobalSection
	GlobalSection(ProjectConfigurationPlatforms) = postSolution
		{223D6816-BAC7-4B2E-9125-E5F2FB354DF8}.Debug|Any CPU.ActiveCfg = Debug|Any CPU
		{223D6816-BAC7-4B2E-9125-E5F2FB354DF8}.Debug|Any CPU.Build.0 = Debug|Any CPU
		{223D6816-BAC7-4B2E-9125-E5F2FB354DF8}.Release|Any CPU.ActiveCfg = Release|Any CPU
		{223D6816-BAC7-4B2E-9125-E5F2FB354DF8}.Release|Any CPU.Build.0 = Release|Any CPU
	EndGlobalSection
	GlobalSection(SolutionProperties) = preSolution
		HideSolutionNode = FALSE
	EndGlobalSection
	GlobalSection(ExtensibilityGlobals) = postSolution
		SolutionGuid = {C8BBAD8A-7759-4BBE-B67D-88D85488882A}
	EndGlobalSection
EndGlobal
